
Microsoft Visual Studio Solution File, Format Version 12.00
# Visual Studio Version 17
VisualStudioVersion = 17.5.33530.505
MinimumVisualStudioVersion = 10.0.40219.1
Project("{8BC9CEB8-8B4A-11D0-8D11-00A0C91BC942}") = "cStudy3", "cStudy3.vcxproj", "{A1A1DA4B-CC22-4659-8E2B-6127A0D49215}"
EndProject
Global
	GlobalSection(SolutionConfigurationPlatforms) = preSolution
		Debug|x64 = Debug|x64
		Debug|x86 = Debug|x86
		Release|x64 = Release|x64
		Release|x86 = Release|x86
	EndGlobalSection
	GlobalSection(ProjectConfigurationPlatforms) = postSolution
		{A1A1DA4B-CC22-4659-8E2B-6127A0D49215}.Debug|x64.ActiveCfg = Debug|x64
		{A1A1DA4B-CC22-4659-8E2B-6127A0D49215}.Debug|x64.Build.0 = Debug|x64
		{A1A1DA4B-CC22-4659-8E2B-6127A0D49215}.Debug|x86.ActiveCfg = Debug|Win32
		{A1A1DA4B-CC22-4659-8E2B-6127A0D49215}.Debug|x86.Build.0 = Debug|Win32
		{A1A1DA4B-CC22-4659-8E2B-6127A0D49215}.Release|x64.ActiveCfg = Release|x64
		{A1A1DA4B-CC22-4659-8E2B-6127A0D49215}.Release|x64.Build.0 = Release|x64
		{A1A1DA4B-CC22-4659-8E2B-6127A0D49215}.Release|x86.ActiveCfg = Release|Win32
		{A1A1DA4B-CC22-4659-8E2B-6127A0D49215}.Release|x86.Build.0 = Release|Win32
	EndGlobalSection
	GlobalSection(SolutionProperties) = preSolution
		HideSolutionNode = FALSE
	EndGlobalSection
	GlobalSection(ExtensibilityGlobals) = postSolution
		SolutionGuid = {9D746AEE-8A1E-4711-8B90-50B2ABCF0794}
	EndGlobalSection
EndGlobal
